
Microsoft Visual Studio Solution File, Format Version 12.00
# Visual Studio Version 17
VisualStudioVersion = 17.2.32630.192
MinimumVisualStudioVersion = 10.0.40219.1
Project("{9A19103F-16F7-4668-BE54-9A1E7A4F7556}") = "F10Y.T0008.Construction", "F10Y.T0008.Construction\F10Y.T0008.Construction.csproj", "{93D72287-B75C-41F2-AACE-D7747D06FB5B}"
EndProject
Project("{9A19103F-16F7-4668-BE54-9A1E7A4F7556}") = "F10Y.T0008", "F10Y.T0008\F10Y.T0008.csproj", "{EBCE85F4-0EFB-4F30-8300-BCB643228C4B}"
EndProject
Global
	GlobalSection(SolutionConfigurationPlatforms) = preSolution
		Debug|Any CPU = Debug|Any CPU
		Release|Any CPU = Release|Any CPU
	EndGlobalSection
	GlobalSection(ProjectConfigurationPlatforms) = postSolution
		{93D72287-B75C-41F2-AACE-D7747D06FB5B}.Debug|Any CPU.ActiveCfg = Debug|Any CPU
		{93D72287-B75C-41F2-AACE-D7747D06FB5B}.Debug|Any CPU.Build.0 = Debug|Any CPU
		{93D72287-B75C-41F2-AACE-D7747D06FB5B}.Release|Any CPU.ActiveCfg = Release|Any CPU
		{93D72287-B75C-41F2-AACE-D7747D06FB5B}.Release|Any CPU.Build.0 = Release|Any CPU
		{EBCE85F4-0EFB-4F30-8300-BCB643228C4B}.Debug|Any CPU.ActiveCfg = Debug|Any CPU
		{EBCE85F4-0EFB-4F30-8300-BCB643228C4B}.Debug|Any CPU.Build.0 = Debug|Any CPU
		{EBCE85F4-0EFB-4F30-8300-BCB643228C4B}.Release|Any CPU.ActiveCfg = Release|Any CPU
		{EBCE85F4-0EFB-4F30-8300-BCB643228C4B}.Release|Any CPU.Build.0 = Release|Any CPU
	EndGlobalSection
	GlobalSection(SolutionProperties) = preSolution
		HideSolutionNode = FALSE
	EndGlobalSection
	GlobalSection(ExtensibilityGlobals) = postSolution
		SolutionGuid = {7F151782-2770-460F-9D17-CE049D066F8A}
	EndGlobalSection
EndGlobal
